
Microsoft Visual Studio Solution File, Format Version 12.00
# Visual Studio Version 17
VisualStudioVersion = 17.0.32112.339
MinimumVisualStudioVersion = 10.0.40219.1
Project("{FAE04EC0-301F-11D3-BF4B-00C04F79EFBC}") = "RestaurantApi", "RestaurantApi\RestaurantApi.csproj", "{3806B958-CA97-46C5-98AF-DE2A365067E1}"
EndProject
Global
	GlobalSection(SolutionConfigurationPlatforms) = preSolution
		Debug|Any CPU = Debug|Any CPU
		Release|Any CPU = Release|Any CPU
	EndGlobalSection
	GlobalSection(ProjectConfigurationPlatforms) = postSolution
		{3806B958-CA97-46C5-98AF-DE2A365067E1}.Debug|Any CPU.ActiveCfg = Debug|Any CPU
		{3806B958-CA97-46C5-98AF-DE2A365067E1}.Debug|Any CPU.Build.0 = Debug|Any CPU
		{3806B958-CA97-46C5-98AF-DE2A365067E1}.Release|Any CPU.ActiveCfg = Release|Any CPU
		{3806B958-CA97-46C5-98AF-DE2A365067E1}.Release|Any CPU.Build.0 = Release|Any CPU
	EndGlobalSection
	GlobalSection(SolutionProperties) = preSolution
		HideSolutionNode = FALSE
	EndGlobalSection
	GlobalSection(ExtensibilityGlobals) = postSolution
		SolutionGuid = {35522AE5-A700-46B1-ACF0-C438EBC5D15C}
	EndGlobalSection
EndGlobal
